
Microsoft Visual Studio Solution File, Format Version 12.00
# Visual Studio 14
VisualStudioVersion = 14.0.25420.1
MinimumVisualStudioVersion = 10.0.40219.1
Project("{FAE04EC0-301F-11D3-BF4B-00C04F79EFBC}") = "ChessAlgorithms", "ChessAlgorithms\ChessAlgorithms.csproj", "{92DFA5E1-F5FE-4228-9164-8D539334C42D}"
EndProject
Project("{FAE04EC0-301F-11D3-BF4B-00C04F79EFBC}") = "ChessAlgorithms.Client", "ChessAlgorithms.Client\ChessAlgorithms.Client.csproj", "{18B41B1F-0BEC-4557-B6A1-FCA28064684E}"
EndProject
Project("{2150E333-8FDC-42A3-9474-1A3956D46DE8}") = "Clients", "Clients", "{2961412E-2A41-4F3C-AFF4-EBF22B00D51C}"
EndProject
Global
	GlobalSection(SolutionConfigurationPlatforms) = preSolution
		Debug|Any CPU = Debug|Any CPU
		Release|Any CPU = Release|Any CPU
	EndGlobalSection
	GlobalSection(ProjectConfigurationPlatforms) = postSolution
		{92DFA5E1-F5FE-4228-9164-8D539334C42D}.Debug|Any CPU.ActiveCfg = Debug|Any CPU
		{92DFA5E1-F5FE-4228-9164-8D539334C42D}.Debug|Any CPU.Build.0 = Debug|Any CPU
		{92DFA5E1-F5FE-4228-9164-8D539334C42D}.Release|Any CPU.ActiveCfg = Release|Any CPU
		{92DFA5E1-F5FE-4228-9164-8D539334C42D}.Release|Any CPU.Build.0 = Release|Any CPU
		{18B41B1F-0BEC-4557-B6A1-FCA28064684E}.Debug|Any CPU.ActiveCfg = Debug|Any CPU
		{18B41B1F-0BEC-4557-B6A1-FCA28064684E}.Debug|Any CPU.Build.0 = Debug|Any CPU
		{18B41B1F-0BEC-4557-B6A1-FCA28064684E}.Release|Any CPU.ActiveCfg = Release|Any CPU
		{18B41B1F-0BEC-4557-B6A1-FCA28064684E}.Release|Any CPU.Build.0 = Release|Any CPU
	EndGlobalSection
	GlobalSection(SolutionProperties) = preSolution
		HideSolutionNode = FALSE
	EndGlobalSection
	GlobalSection(NestedProjects) = preSolution
		{18B41B1F-0BEC-4557-B6A1-FCA28064684E} = {2961412E-2A41-4F3C-AFF4-EBF22B00D51C}
	EndGlobalSection
EndGlobal
